
Microsoft Visual Studio Solution File, Format Version 12.00
# Visual Studio Version 16
VisualStudioVersion = 16.0.30011.22
MinimumVisualStudioVersion = 10.0.40219.1
Project("{FAE04EC0-301F-11D3-BF4B-00C04F79EFBC}") = "SchoolRegister.API", "SchoolRegister.API\SchoolRegister.API.csproj", "{A5CC3943-459E-4F32-978B-F7330FDD2611}"
EndProject
Project("{FAE04EC0-301F-11D3-BF4B-00C04F79EFBC}") = "SchoolRegister.Domain", "SchoolRegister.Domain\SchoolRegister.Domain.csproj", "{C02FCB1F-8D9F-4C1A-A65D-D7A80D0C2309}"
EndProject
Project("{FAE04EC0-301F-11D3-BF4B-00C04F79EFBC}") = "SchoolRegister.DAL", "SchoolRegister.DAL\SchoolRegister.DAL.csproj", "{CBC7DB70-23CC-4CA8-9F62-85EA989493B4}"
EndProject
Global
	GlobalSection(SolutionConfigurationPlatforms) = preSolution
		Debug|Any CPU = Debug|Any CPU
		Release|Any CPU = Release|Any CPU
	EndGlobalSection
	GlobalSection(ProjectConfigurationPlatforms) = postSolution
		{A5CC3943-459E-4F32-978B-F7330FDD2611}.Debug|Any CPU.ActiveCfg = Debug|Any CPU
		{A5CC3943-459E-4F32-978B-F7330FDD2611}.Debug|Any CPU.Build.0 = Debug|Any CPU
		{A5CC3943-459E-4F32-978B-F7330FDD2611}.Release|Any CPU.ActiveCfg = Release|Any CPU
		{A5CC3943-459E-4F32-978B-F7330FDD2611}.Release|Any CPU.Build.0 = Release|Any CPU
		{C02FCB1F-8D9F-4C1A-A65D-D7A80D0C2309}.Debug|Any CPU.ActiveCfg = Debug|Any CPU
		{C02FCB1F-8D9F-4C1A-A65D-D7A80D0C2309}.Debug|Any CPU.Build.0 = Debug|Any CPU
		{C02FCB1F-8D9F-4C1A-A65D-D7A80D0C2309}.Release|Any CPU.ActiveCfg = Release|Any CPU
		{C02FCB1F-8D9F-4C1A-A65D-D7A80D0C2309}.Release|Any CPU.Build.0 = Release|Any CPU
		{CBC7DB70-23CC-4CA8-9F62-85EA989493B4}.Debug|Any CPU.ActiveCfg = Debug|Any CPU
		{CBC7DB70-23CC-4CA8-9F62-85EA989493B4}.Debug|Any CPU.Build.0 = Debug|Any CPU
		{CBC7DB70-23CC-4CA8-9F62-85EA989493B4}.Release|Any CPU.ActiveCfg = Release|Any CPU
		{CBC7DB70-23CC-4CA8-9F62-85EA989493B4}.Release|Any CPU.Build.0 = Release|Any CPU
	EndGlobalSection
	GlobalSection(SolutionProperties) = preSolution
		HideSolutionNode = FALSE
	EndGlobalSection
	GlobalSection(ExtensibilityGlobals) = postSolution
		SolutionGuid = {98E9C536-FEDB-4696-B0E4-527B8489ADB8}
	EndGlobalSection
EndGlobal
